
Microsoft Visual Studio Solution File, Format Version 12.00
# Visual Studio Version 16
VisualStudioVersion = 16.0.29509.3
MinimumVisualStudioVersion = 10.0.40219.1
Project("{2150E333-8FDC-42A3-9474-1A3956D46DE8}") = "Microservices", "Microservices", "{77F54687-92C1-41C5-ADC8-BD33523138D4}"
EndProject
Project("{2150E333-8FDC-42A3-9474-1A3956D46DE8}") = "Domain", "Domain", "{65ED04CD-ED3C-427C-9949-8EB7F415349F}"
EndProject
Project("{2150E333-8FDC-42A3-9474-1A3956D46DE8}") = "Infra.Bus", "Infra.Bus", "{5E4E46EE-9E18-42A4-87E0-4AECA39C8694}"
EndProject
Project("{2150E333-8FDC-42A3-9474-1A3956D46DE8}") = "Infrastructure.IoC", "Infrastructure.IoC", "{3F93B378-D2AE-49A5-B8B9-E3DD33038557}"
EndProject
Project("{2150E333-8FDC-42A3-9474-1A3956D46DE8}") = "Presentation", "Presentation", "{FF3F4798-B3AF-4783-A36E-E60B2FAE3C69}"
EndProject
Project("{9A19103F-16F7-4668-BE54-9A1E7A4F7556}") = "MicroRabbit.Domain.Core", "..\MicroRabbit.Domain.Core\MicroRabbit.Domain.Core.csproj", "{0A98AACF-5319-4048-81AB-1CD91D724127}"
EndProject
Project("{9A19103F-16F7-4668-BE54-9A1E7A4F7556}") = "MicroRabbit.Infra.Bus", "..\MicroRabbit.Infra.Bus\MicroRabbit.Infra.Bus.csproj", "{6113F492-EF56-4F0D-9DF8-C62FFAADCCD7}"
EndProject
Project("{FAE04EC0-301F-11D3-BF4B-00C04F79EFBC}") = "MicroRabbit.Infra.IoC", "MicroRabbit.Infra.IoC\MicroRabbit.Infra.IoC.csproj", "{AD2155D5-393D-49AB-83E2-0EEC295F1446}"
EndProject
Project("{2150E333-8FDC-42A3-9474-1A3956D46DE8}") = "Banking", "Banking", "{3E54B250-6636-4641-A08F-9829FB508D18}"
EndProject
Project("{2150E333-8FDC-42A3-9474-1A3956D46DE8}") = "Api", "Api", "{D00A164B-78BD-4A1F-A260-57F5702E7EC5}"
EndProject
Project("{2150E333-8FDC-42A3-9474-1A3956D46DE8}") = "Domain", "Domain", "{ABD76EEC-2680-4D40-A547-A18F10037234}"
EndProject
Project("{2150E333-8FDC-42A3-9474-1A3956D46DE8}") = "Application", "Application", "{5962CE81-4BA4-4269-A72D-32947FF99A22}"
EndProject
Project("{2150E333-8FDC-42A3-9474-1A3956D46DE8}") = "Data", "Data", "{0176DAC0-21B5-477C-8B6D-1AC4E7F180C5}"
EndProject
Project("{FAE04EC0-301F-11D3-BF4B-00C04F79EFBC}") = "MicroRabbit.Banking.Api", "MicroRabbit.Banking.Api\MicroRabbit.Banking.Api.csproj", "{4EABC9CA-4EA3-4445-B87A-0D71EDA742EA}"
EndProject
Project("{FAE04EC0-301F-11D3-BF4B-00C04F79EFBC}") = "MicroRabbit.Banking.Application", "MicroRabbit.Banking.Application\MicroRabbit.Banking.Application.csproj", "{28028A39-48E3-41F5-A10D-A77A4FEDBDF4}"
EndProject
Project("{FAE04EC0-301F-11D3-BF4B-00C04F79EFBC}") = "MicroRabbit.Banking.Data", "MicroRabbit.Banking.Data\MicroRabbit.Banking.Data.csproj", "{51B5CED5-90EC-4000-82E6-3F01094FACC5}"
EndProject
Project("{FAE04EC0-301F-11D3-BF4B-00C04F79EFBC}") = "MicroRabbit.Banking.Domain", "MicroRabbit.Banking.Domain\MicroRabbit.Banking.Domain.csproj", "{B54B37D1-36BA-4338-9EE8-7F1A7ADC4CE3}"
EndProject
Global
	GlobalSection(SolutionConfigurationPlatforms) = preSolution
		Debug|Any CPU = Debug|Any CPU
		Release|Any CPU = Release|Any CPU
	EndGlobalSection
	GlobalSection(ProjectConfigurationPlatforms) = postSolution
		{0A98AACF-5319-4048-81AB-1CD91D724127}.Debug|Any CPU.ActiveCfg = Debug|Any CPU
		{0A98AACF-5319-4048-81AB-1CD91D724127}.Debug|Any CPU.Build.0 = Debug|Any CPU
		{0A98AACF-5319-4048-81AB-1CD91D724127}.Release|Any CPU.ActiveCfg = Release|Any CPU
		{0A98AACF-5319-4048-81AB-1CD91D724127}.Release|Any CPU.Build.0 = Release|Any CPU
		{6113F492-EF56-4F0D-9DF8-C62FFAADCCD7}.Debug|Any CPU.ActiveCfg = Debug|Any CPU
		{6113F492-EF56-4F0D-9DF8-C62FFAADCCD7}.Debug|Any CPU.Build.0 = Debug|Any CPU
		{6113F492-EF56-4F0D-9DF8-C62FFAADCCD7}.Release|Any CPU.ActiveCfg = Release|Any CPU
		{6113F492-EF56-4F0D-9DF8-C62FFAADCCD7}.Release|Any CPU.Build.0 = Release|Any CPU
		{AD2155D5-393D-49AB-83E2-0EEC295F1446}.Debug|Any CPU.ActiveCfg = Debug|Any CPU
		{AD2155D5-393D-49AB-83E2-0EEC295F1446}.Debug|Any CPU.Build.0 = Debug|Any CPU
		{AD2155D5-393D-49AB-83E2-0EEC295F1446}.Release|Any CPU.ActiveCfg = Release|Any CPU
		{AD2155D5-393D-49AB-83E2-0EEC295F1446}.Release|Any CPU.Build.0 = Release|Any CPU
		{4EABC9CA-4EA3-4445-B87A-0D71EDA742EA}.Debug|Any CPU.ActiveCfg = Debug|Any CPU
		{4EABC9CA-4EA3-4445-B87A-0D71EDA742EA}.Debug|Any CPU.Build.0 = Debug|Any CPU
		{4EABC9CA-4EA3-4445-B87A-0D71EDA742EA}.Release|Any CPU.ActiveCfg = Release|Any CPU
		{4EABC9CA-4EA3-4445-B87A-0D71EDA742EA}.Release|Any CPU.Build.0 = Release|Any CPU
		{28028A39-48E3-41F5-A10D-A77A4FEDBDF4}.Debug|Any CPU.ActiveCfg = Debug|Any CPU
		{28028A39-48E3-41F5-A10D-A77A4FEDBDF4}.Debug|Any CPU.Build.0 = Debug|Any CPU
		{28028A39-48E3-41F5-A10D-A77A4FEDBDF4}.Release|Any CPU.ActiveCfg = Release|Any CPU
		{28028A39-48E3-41F5-A10D-A77A4FEDBDF4}.Release|Any CPU.Build.0 = Release|Any CPU
		{51B5CED5-90EC-4000-82E6-3F01094FACC5}.Debug|Any CPU.ActiveCfg = Debug|Any CPU
		{51B5CED5-90EC-4000-82E6-3F01094FACC5}.Debug|Any CPU.Build.0 = Debug|Any CPU
		{51B5CED5-90EC-4000-82E6-3F01094FACC5}.Release|Any CPU.ActiveCfg = Release|Any CPU
		{51B5CED5-90EC-4000-82E6-3F01094FACC5}.Release|Any CPU.Build.0 = Release|Any CPU
		{B54B37D1-36BA-4338-9EE8-7F1A7ADC4CE3}.Debug|Any CPU.ActiveCfg = Debug|Any CPU
		{B54B37D1-36BA-4338-9EE8-7F1A7ADC4CE3}.Debug|Any CPU.Build.0 = Debug|Any CPU
		{B54B37D1-36BA-4338-9EE8-7F1A7ADC4CE3}.Release|Any CPU.ActiveCfg = Release|Any CPU
		{B54B37D1-36BA-4338-9EE8-7F1A7ADC4CE3}.Release|Any CPU.Build.0 = Release|Any CPU
	EndGlobalSection
	GlobalSection(SolutionProperties) = preSolution
		HideSolutionNode = FALSE
	EndGlobalSection
	GlobalSection(NestedProjects) = preSolution
		{0A98AACF-5319-4048-81AB-1CD91D724127} = {65ED04CD-ED3C-427C-9949-8EB7F415349F}
		{6113F492-EF56-4F0D-9DF8-C62FFAADCCD7} = {5E4E46EE-9E18-42A4-87E0-4AECA39C8694}
		{AD2155D5-393D-49AB-83E2-0EEC295F1446} = {3F93B378-D2AE-49A5-B8B9-E3DD33038557}
		{3E54B250-6636-4641-A08F-9829FB508D18} = {77F54687-92C1-41C5-ADC8-BD33523138D4}
		{D00A164B-78BD-4A1F-A260-57F5702E7EC5} = {3E54B250-6636-4641-A08F-9829FB508D18}
		{ABD76EEC-2680-4D40-A547-A18F10037234} = {3E54B250-6636-4641-A08F-9829FB508D18}
		{5962CE81-4BA4-4269-A72D-32947FF99A22} = {3E54B250-6636-4641-A08F-9829FB508D18}
		{0176DAC0-21B5-477C-8B6D-1AC4E7F180C5} = {3E54B250-6636-4641-A08F-9829FB508D18}
		{4EABC9CA-4EA3-4445-B87A-0D71EDA742EA} = {D00A164B-78BD-4A1F-A260-57F5702E7EC5}
		{28028A39-48E3-41F5-A10D-A77A4FEDBDF4} = {5962CE81-4BA4-4269-A72D-32947FF99A22}
		{51B5CED5-90EC-4000-82E6-3F01094FACC5} = {0176DAC0-21B5-477C-8B6D-1AC4E7F180C5}
		{B54B37D1-36BA-4338-9EE8-7F1A7ADC4CE3} = {ABD76EEC-2680-4D40-A547-A18F10037234}
	EndGlobalSection
	GlobalSection(ExtensibilityGlobals) = postSolution
		SolutionGuid = {6F2D4CB6-0DC0-454E-B129-AD8CC9235345}
	EndGlobalSection
EndGlobal
